
Microsoft Visual Studio Solution File, Format Version 12.00
# Visual Studio Version 17
VisualStudioVersion = 17.14.36310.24
MinimumVisualStudioVersion = 10.0.40219.1
Project("{FAE04EC0-301F-11D3-BF4B-00C04F79EFBC}") = "VitalWatch.Api", "VitalWatch.Api\VitalWatch.Api.csproj", "{8F6C29E8-396E-48A5-AAE2-60BF029B021F}"
EndProject
Global
	GlobalSection(SolutionConfigurationPlatforms) = preSolution
		Debug|Any CPU = Debug|Any CPU
		Release|Any CPU = Release|Any CPU
	EndGlobalSection
	GlobalSection(ProjectConfigurationPlatforms) = postSolution
		{8F6C29E8-396E-48A5-AAE2-60BF029B021F}.Debug|Any CPU.ActiveCfg = Debug|Any CPU
		{8F6C29E8-396E-48A5-AAE2-60BF029B021F}.Debug|Any CPU.Build.0 = Debug|Any CPU
		{8F6C29E8-396E-48A5-AAE2-60BF029B021F}.Release|Any CPU.ActiveCfg = Release|Any CPU
		{8F6C29E8-396E-48A5-AAE2-60BF029B021F}.Release|Any CPU.Build.0 = Release|Any CPU
	EndGlobalSection
	GlobalSection(SolutionProperties) = preSolution
		HideSolutionNode = FALSE
	EndGlobalSection
	GlobalSection(ExtensibilityGlobals) = postSolution
		SolutionGuid = {69011D1D-00D3-4FC7-951D-BC37F828BF03}
	EndGlobalSection
EndGlobal
